
Microsoft Visual Studio Solution File, Format Version 12.00
# Visual Studio Version 16
VisualStudioVersion = 16.0.30717.126
MinimumVisualStudioVersion = 10.0.40219.1
Project("{FAE04EC0-301F-11D3-BF4B-00C04F79EFBC}") = "Variabler og datatyper", "H1 Opgaver\Variabler og datatyper.csproj", "{58258B6C-EF88-431C-B533-E2D56450C40E}"
EndProject
Project("{FAE04EC0-301F-11D3-BF4B-00C04F79EFBC}") = "Celciusomregner", "Celciusomregner\Celciusomregner.csproj", "{6C5DE141-0C61-49F5-9454-C2796E1C0108}"
EndProject
Project("{FAE04EC0-301F-11D3-BF4B-00C04F79EFBC}") = "Valutaomregner", "Valutaomregner\Valutaomregner.csproj", "{5ADCAA72-2791-4367-8C21-FA27FFA5CB65}"
EndProject
Global
	GlobalSection(SolutionConfigurationPlatforms) = preSolution
		Debug|Any CPU = Debug|Any CPU
		Release|Any CPU = Release|Any CPU
	EndGlobalSection
	GlobalSection(ProjectConfigurationPlatforms) = postSolution
		{58258B6C-EF88-431C-B533-E2D56450C40E}.Debug|Any CPU.ActiveCfg = Debug|Any CPU
		{58258B6C-EF88-431C-B533-E2D56450C40E}.Debug|Any CPU.Build.0 = Debug|Any CPU
		{58258B6C-EF88-431C-B533-E2D56450C40E}.Release|Any CPU.ActiveCfg = Release|Any CPU
		{58258B6C-EF88-431C-B533-E2D56450C40E}.Release|Any CPU.Build.0 = Release|Any CPU
		{6C5DE141-0C61-49F5-9454-C2796E1C0108}.Debug|Any CPU.ActiveCfg = Debug|Any CPU
		{6C5DE141-0C61-49F5-9454-C2796E1C0108}.Debug|Any CPU.Build.0 = Debug|Any CPU
		{6C5DE141-0C61-49F5-9454-C2796E1C0108}.Release|Any CPU.ActiveCfg = Release|Any CPU
		{6C5DE141-0C61-49F5-9454-C2796E1C0108}.Release|Any CPU.Build.0 = Release|Any CPU
		{5ADCAA72-2791-4367-8C21-FA27FFA5CB65}.Debug|Any CPU.ActiveCfg = Debug|Any CPU
		{5ADCAA72-2791-4367-8C21-FA27FFA5CB65}.Debug|Any CPU.Build.0 = Debug|Any CPU
		{5ADCAA72-2791-4367-8C21-FA27FFA5CB65}.Release|Any CPU.ActiveCfg = Release|Any CPU
		{5ADCAA72-2791-4367-8C21-FA27FFA5CB65}.Release|Any CPU.Build.0 = Release|Any CPU
	EndGlobalSection
	GlobalSection(SolutionProperties) = preSolution
		HideSolutionNode = FALSE
	EndGlobalSection
	GlobalSection(ExtensibilityGlobals) = postSolution
		SolutionGuid = {125D65AE-7D8A-4064-A8A5-B004B763C858}
	EndGlobalSection
EndGlobal
